
Microsoft Visual Studio Solution File, Format Version 12.00
# Visual Studio 14
VisualStudioVersion = 14.0.25420.1
MinimumVisualStudioVersion = 10.0.40219.1
Project("{2150E333-8FDC-42A3-9474-1A3956D46DE8}") = "src", "src", "{0A423325-785A-4B7B-B222-BFB1D81D8D89}"
EndProject
Project("{2150E333-8FDC-42A3-9474-1A3956D46DE8}") = "Solution Items", "Solution Items", "{6394F018-A333-432D-8429-53DF4D1C6950}"
	ProjectSection(SolutionItems) = preProject
		global.json = global.json
	EndProjectSection
EndProject
Project("{8BB2217D-0F2D-49D1-97BC-3654ED321F3B}") = "WebCoreFrame1", "src\WebCoreFrame1\WebCoreFrame1.xproj", "{6A5FC3F4-94A5-47BD-A3CA-F741C1443952}"
EndProject
Global
	GlobalSection(SolutionConfigurationPlatforms) = preSolution
		Debug|Any CPU = Debug|Any CPU
		Release|Any CPU = Release|Any CPU
	EndGlobalSection
	GlobalSection(ProjectConfigurationPlatforms) = postSolution
		{6A5FC3F4-94A5-47BD-A3CA-F741C1443952}.Debug|Any CPU.ActiveCfg = Debug|Any CPU
		{6A5FC3F4-94A5-47BD-A3CA-F741C1443952}.Debug|Any CPU.Build.0 = Debug|Any CPU
		{6A5FC3F4-94A5-47BD-A3CA-F741C1443952}.Release|Any CPU.ActiveCfg = Release|Any CPU
		{6A5FC3F4-94A5-47BD-A3CA-F741C1443952}.Release|Any CPU.Build.0 = Release|Any CPU
	EndGlobalSection
	GlobalSection(SolutionProperties) = preSolution
		HideSolutionNode = FALSE
	EndGlobalSection
	GlobalSection(NestedProjects) = preSolution
		{6A5FC3F4-94A5-47BD-A3CA-F741C1443952} = {0A423325-785A-4B7B-B222-BFB1D81D8D89}
	EndGlobalSection
EndGlobal
