
Microsoft Visual Studio Solution File, Format Version 12.00
# Visual Studio Version 17
VisualStudioVersion = 17.6.33927.249
MinimumVisualStudioVersion = 10.0.40219.1
Project("{9A19103F-16F7-4668-BE54-9A1E7A4F7556}") = "MyChatWebApp", "MyChatWebApp\MyChatWebApp.csproj", "{4D51D3AE-4925-4C27-8A49-809E31574D21}"
EndProject
Project("{9A19103F-16F7-4668-BE54-9A1E7A4F7556}") = "MyChatWebAPI", "MyChatWebAPI\MyChatWebAPI.csproj", "{0C0F5889-B0F6-4F1B-BCF4-6BB94D707F72}"
EndProject
Project("{9A19103F-16F7-4668-BE54-9A1E7A4F7556}") = "AngularMvcApp", "AngularMvcApp\AngularMvcApp.csproj", "{485A07A1-184A-468D-888A-548FCF21928A}"
EndProject
Project("{9A19103F-16F7-4668-BE54-9A1E7A4F7556}") = "MyChatClientWebApp", "MyChatClientWebApp\MyChatClientWebApp.csproj", "{C1A1ADA1-A469-4AA0-B348-7902367FFD7B}"
EndProject
Project("{9A19103F-16F7-4668-BE54-9A1E7A4F7556}") = "WebChatServer", "WebChatServer\WebChatServer.csproj", "{2BA27F9F-A03F-48D0-BDD0-30F9FFEF9EAB}"
EndProject
Project("{9A19103F-16F7-4668-BE54-9A1E7A4F7556}") = "PublicChatServer", "backend\PublicChat\PublicChat\PublicChatServer.csproj", "{1434D540-B797-47D4-9F2A-7BFAB48299C1}"
EndProject
Project("{9A19103F-16F7-4668-BE54-9A1E7A4F7556}") = "PublicChatUI", "frontend\PublicChatUI\PublicChatUI.csproj", "{5F443DDF-1B9D-4045-A88C-3AFBCB4B97AE}"
EndProject
Project("{9A19103F-16F7-4668-BE54-9A1E7A4F7556}") = "PublicChatWebHost", "PublicChatWebHost\PublicChatWebHost.csproj", "{2CC56444-3DB4-4A0B-BA4A-6C5472602F25}"
EndProject
Global
	GlobalSection(SolutionConfigurationPlatforms) = preSolution
		Debug|Any CPU = Debug|Any CPU
		Release|Any CPU = Release|Any CPU
	EndGlobalSection
	GlobalSection(ProjectConfigurationPlatforms) = postSolution
		{4D51D3AE-4925-4C27-8A49-809E31574D21}.Debug|Any CPU.ActiveCfg = Debug|Any CPU
		{4D51D3AE-4925-4C27-8A49-809E31574D21}.Debug|Any CPU.Build.0 = Debug|Any CPU
		{4D51D3AE-4925-4C27-8A49-809E31574D21}.Release|Any CPU.ActiveCfg = Release|Any CPU
		{4D51D3AE-4925-4C27-8A49-809E31574D21}.Release|Any CPU.Build.0 = Release|Any CPU
		{0C0F5889-B0F6-4F1B-BCF4-6BB94D707F72}.Debug|Any CPU.ActiveCfg = Debug|Any CPU
		{0C0F5889-B0F6-4F1B-BCF4-6BB94D707F72}.Debug|Any CPU.Build.0 = Debug|Any CPU
		{0C0F5889-B0F6-4F1B-BCF4-6BB94D707F72}.Release|Any CPU.ActiveCfg = Release|Any CPU
		{0C0F5889-B0F6-4F1B-BCF4-6BB94D707F72}.Release|Any CPU.Build.0 = Release|Any CPU
		{485A07A1-184A-468D-888A-548FCF21928A}.Debug|Any CPU.ActiveCfg = Debug|Any CPU
		{485A07A1-184A-468D-888A-548FCF21928A}.Debug|Any CPU.Build.0 = Debug|Any CPU
		{485A07A1-184A-468D-888A-548FCF21928A}.Release|Any CPU.ActiveCfg = Release|Any CPU
		{485A07A1-184A-468D-888A-548FCF21928A}.Release|Any CPU.Build.0 = Release|Any CPU
		{C1A1ADA1-A469-4AA0-B348-7902367FFD7B}.Debug|Any CPU.ActiveCfg = Debug|Any CPU
		{C1A1ADA1-A469-4AA0-B348-7902367FFD7B}.Debug|Any CPU.Build.0 = Debug|Any CPU
		{C1A1ADA1-A469-4AA0-B348-7902367FFD7B}.Release|Any CPU.ActiveCfg = Release|Any CPU
		{C1A1ADA1-A469-4AA0-B348-7902367FFD7B}.Release|Any CPU.Build.0 = Release|Any CPU
		{2BA27F9F-A03F-48D0-BDD0-30F9FFEF9EAB}.Debug|Any CPU.ActiveCfg = Debug|Any CPU
		{2BA27F9F-A03F-48D0-BDD0-30F9FFEF9EAB}.Debug|Any CPU.Build.0 = Debug|Any CPU
		{2BA27F9F-A03F-48D0-BDD0-30F9FFEF9EAB}.Release|Any CPU.ActiveCfg = Release|Any CPU
		{2BA27F9F-A03F-48D0-BDD0-30F9FFEF9EAB}.Release|Any CPU.Build.0 = Release|Any CPU
		{1434D540-B797-47D4-9F2A-7BFAB48299C1}.Debug|Any CPU.ActiveCfg = Debug|Any CPU
		{1434D540-B797-47D4-9F2A-7BFAB48299C1}.Debug|Any CPU.Build.0 = Debug|Any CPU
		{1434D540-B797-47D4-9F2A-7BFAB48299C1}.Release|Any CPU.ActiveCfg = Release|Any CPU
		{1434D540-B797-47D4-9F2A-7BFAB48299C1}.Release|Any CPU.Build.0 = Release|Any CPU
		{5F443DDF-1B9D-4045-A88C-3AFBCB4B97AE}.Debug|Any CPU.ActiveCfg = Debug|Any CPU
		{5F443DDF-1B9D-4045-A88C-3AFBCB4B97AE}.Debug|Any CPU.Build.0 = Debug|Any CPU
		{5F443DDF-1B9D-4045-A88C-3AFBCB4B97AE}.Release|Any CPU.ActiveCfg = Release|Any CPU
		{5F443DDF-1B9D-4045-A88C-3AFBCB4B97AE}.Release|Any CPU.Build.0 = Release|Any CPU
		{2CC56444-3DB4-4A0B-BA4A-6C5472602F25}.Debug|Any CPU.ActiveCfg = Debug|Any CPU
		{2CC56444-3DB4-4A0B-BA4A-6C5472602F25}.Debug|Any CPU.Build.0 = Debug|Any CPU
		{2CC56444-3DB4-4A0B-BA4A-6C5472602F25}.Release|Any CPU.ActiveCfg = Release|Any CPU
		{2CC56444-3DB4-4A0B-BA4A-6C5472602F25}.Release|Any CPU.Build.0 = Release|Any CPU
	EndGlobalSection
	GlobalSection(SolutionProperties) = preSolution
		HideSolutionNode = FALSE
	EndGlobalSection
	GlobalSection(ExtensibilityGlobals) = postSolution
		SolutionGuid = {66E0F885-0D82-4AEC-88C0-EED388969396}
	EndGlobalSection
EndGlobal
